
Microsoft Visual Studio Solution File, Format Version 12.00
# Visual Studio 14
VisualStudioVersion = 14.0.25420.1
MinimumVisualStudioVersion = 10.0.40219.1
Project("{2150E333-8FDC-42A3-9474-1A3956D46DE8}") = "src", "src", "{7E520071-8B2C-410E-B647-11E68F9FBD9F}"
EndProject
Project("{2150E333-8FDC-42A3-9474-1A3956D46DE8}") = "Solution Items", "Solution Items", "{32399078-ACE6-4A50-A0F7-E8826F84283D}"
	ProjectSection(SolutionItems) = preProject
		global.json = global.json
	EndProjectSection
EndProject
Project("{8BB2217D-0F2D-49D1-97BC-3654ED321F3B}") = "SeparadorDeSilabas", "src\SeparadorDeSilabas\SeparadorDeSilabas.xproj", "{3F3F4C05-6A09-454E-AE50-73F70BF0AAB8}"
EndProject
Global
	GlobalSection(SolutionConfigurationPlatforms) = preSolution
		Debug|Any CPU = Debug|Any CPU
		Release|Any CPU = Release|Any CPU
	EndGlobalSection
	GlobalSection(ProjectConfigurationPlatforms) = postSolution
		{3F3F4C05-6A09-454E-AE50-73F70BF0AAB8}.Debug|Any CPU.ActiveCfg = Debug|Any CPU
		{3F3F4C05-6A09-454E-AE50-73F70BF0AAB8}.Debug|Any CPU.Build.0 = Debug|Any CPU
		{3F3F4C05-6A09-454E-AE50-73F70BF0AAB8}.Release|Any CPU.ActiveCfg = Release|Any CPU
		{3F3F4C05-6A09-454E-AE50-73F70BF0AAB8}.Release|Any CPU.Build.0 = Release|Any CPU
	EndGlobalSection
	GlobalSection(SolutionProperties) = preSolution
		HideSolutionNode = FALSE
	EndGlobalSection
	GlobalSection(NestedProjects) = preSolution
		{3F3F4C05-6A09-454E-AE50-73F70BF0AAB8} = {7E520071-8B2C-410E-B647-11E68F9FBD9F}
	EndGlobalSection
EndGlobal
